
Microsoft Visual Studio Solution File, Format Version 12.00
# Visual Studio Version 18
VisualStudioVersion = 18.1.11312.151
MinimumVisualStudioVersion = 10.0.40219.1
Project("{FAE04EC0-301F-11D3-BF4B-00C04F79EFBC}") = "NemesisEuchre.Console", "NemesisEuchre.Console\NemesisEuchre.Console.csproj", "{EE3B6D0E-A8DC-4BCB-88D0-F0B883D00142}"
EndProject
Project("{FAE04EC0-301F-11D3-BF4B-00C04F79EFBC}") = "NemesisEuchre.Console.Tests", "NemesisEuchre.Console.Tests\NemesisEuchre.Console.Tests.csproj", "{47C408C3-0CF4-48AE-A86C-50F5E6CD8C1D}"
EndProject
Project("{2150E333-8FDC-42A3-9474-1A3956D46DE8}") = "Solution Files", "Solution Files", "{D574D9B0-48CA-4593-9B26-D0F2D1BF2E8D}"
	ProjectSection(SolutionItems) = preProject
		.editorconfig = .editorconfig
		.gitignore = .gitignore
		AGENTS.md = AGENTS.md
		CLAUDE.md = CLAUDE.md
		Directory.Packages.props = Directory.Packages.props
		LICENSE = LICENSE
		NuGet.Config = NuGet.Config
		README.md = README.md
		stylecop.json = stylecop.json
		version.json = version.json
	EndProjectSection
EndProject
Project("{FAE04EC0-301F-11D3-BF4B-00C04F79EFBC}") = "NemesisEuchre.GameEngine", "NemesisEuchre.GameEngine\NemesisEuchre.GameEngine.csproj", "{52037842-86F9-49BC-8EE6-060CBE27B98C}"
EndProject
Project("{FAE04EC0-301F-11D3-BF4B-00C04F79EFBC}") = "NemesisEuchre.GameEngine.Tests", "NemesisEuchre.GameEngine.Tests\NemesisEuchre.GameEngine.Tests.csproj", "{DF011491-8D7D-49A8-9A1D-FF5CF666C015}"
EndProject
Project("{FAE04EC0-301F-11D3-BF4B-00C04F79EFBC}") = "NemesisEuchre.DataAccess", "NemesisEuchre.DataAccess\NemesisEuchre.DataAccess.csproj", "{46ADC39A-2A91-49D6-8117-DF8BAFA33B0F}"
EndProject
Project("{FAE04EC0-301F-11D3-BF4B-00C04F79EFBC}") = "NemesisEuchre.DataAccess.Tests", "NemesisEuchre.DataAccess.Tests\NemesisEuchre.DataAccess.Tests.csproj", "{CC2B9E5E-A42B-4B8B-9499-36BE628B9304}"
EndProject
Project("{FAE04EC0-301F-11D3-BF4B-00C04F79EFBC}") = "NemesisEuchre.Foundation", "NemesisEuchre.Foundation\NemesisEuchre.Foundation.csproj", "{97F92621-6D38-45FE-842B-3FB7AAD8EA99}"
EndProject
Global
	GlobalSection(SolutionConfigurationPlatforms) = preSolution
		Debug|Any CPU = Debug|Any CPU
		Debug|x64 = Debug|x64
		Debug|x86 = Debug|x86
		Release|Any CPU = Release|Any CPU
		Release|x64 = Release|x64
		Release|x86 = Release|x86
	EndGlobalSection
	GlobalSection(ProjectConfigurationPlatforms) = postSolution
		{EE3B6D0E-A8DC-4BCB-88D0-F0B883D00142}.Debug|Any CPU.ActiveCfg = Debug|Any CPU
		{EE3B6D0E-A8DC-4BCB-88D0-F0B883D00142}.Debug|Any CPU.Build.0 = Debug|Any CPU
		{EE3B6D0E-A8DC-4BCB-88D0-F0B883D00142}.Debug|x64.ActiveCfg = Debug|Any CPU
		{EE3B6D0E-A8DC-4BCB-88D0-F0B883D00142}.Debug|x64.Build.0 = Debug|Any CPU
		{EE3B6D0E-A8DC-4BCB-88D0-F0B883D00142}.Debug|x86.ActiveCfg = Debug|Any CPU
		{EE3B6D0E-A8DC-4BCB-88D0-F0B883D00142}.Debug|x86.Build.0 = Debug|Any CPU
		{EE3B6D0E-A8DC-4BCB-88D0-F0B883D00142}.Release|Any CPU.ActiveCfg = Release|Any CPU
		{EE3B6D0E-A8DC-4BCB-88D0-F0B883D00142}.Release|Any CPU.Build.0 = Release|Any CPU
		{EE3B6D0E-A8DC-4BCB-88D0-F0B883D00142}.Release|x64.ActiveCfg = Release|Any CPU
		{EE3B6D0E-A8DC-4BCB-88D0-F0B883D00142}.Release|x64.Build.0 = Release|Any CPU
		{EE3B6D0E-A8DC-4BCB-88D0-F0B883D00142}.Release|x86.ActiveCfg = Release|Any CPU
		{EE3B6D0E-A8DC-4BCB-88D0-F0B883D00142}.Release|x86.Build.0 = Release|Any CPU
		{47C408C3-0CF4-48AE-A86C-50F5E6CD8C1D}.Debug|Any CPU.ActiveCfg = Debug|Any CPU
		{47C408C3-0CF4-48AE-A86C-50F5E6CD8C1D}.Debug|Any CPU.Build.0 = Debug|Any CPU
		{47C408C3-0CF4-48AE-A86C-50F5E6CD8C1D}.Debug|x64.ActiveCfg = Debug|Any CPU
		{47C408C3-0CF4-48AE-A86C-50F5E6CD8C1D}.Debug|x64.Build.0 = Debug|Any CPU
		{47C408C3-0CF4-48AE-A86C-50F5E6CD8C1D}.Debug|x86.ActiveCfg = Debug|Any CPU
		{47C408C3-0CF4-48AE-A86C-50F5E6CD8C1D}.Debug|x86.Build.0 = Debug|Any CPU
		{47C408C3-0CF4-48AE-A86C-50F5E6CD8C1D}.Release|Any CPU.ActiveCfg = Release|Any CPU
		{47C408C3-0CF4-48AE-A86C-50F5E6CD8C1D}.Release|Any CPU.Build.0 = Release|Any CPU
		{47C408C3-0CF4-48AE-A86C-50F5E6CD8C1D}.Release|x64.ActiveCfg = Release|Any CPU
		{47C408C3-0CF4-48AE-A86C-50F5E6CD8C1D}.Release|x64.Build.0 = Release|Any CPU
		{47C408C3-0CF4-48AE-A86C-50F5E6CD8C1D}.Release|x86.ActiveCfg = Release|Any CPU
		{47C408C3-0CF4-48AE-A86C-50F5E6CD8C1D}.Release|x86.Build.0 = Release|Any CPU
		{52037842-86F9-49BC-8EE6-060CBE27B98C}.Debug|Any CPU.ActiveCfg = Debug|Any CPU
		{52037842-86F9-49BC-8EE6-060CBE27B98C}.Debug|Any CPU.Build.0 = Debug|Any CPU
		{52037842-86F9-49BC-8EE6-060CBE27B98C}.Debug|x64.ActiveCfg = Debug|Any CPU
		{52037842-86F9-49BC-8EE6-060CBE27B98C}.Debug|x64.Build.0 = Debug|Any CPU
		{52037842-86F9-49BC-8EE6-060CBE27B98C}.Debug|x86.ActiveCfg = Debug|Any CPU
		{52037842-86F9-49BC-8EE6-060CBE27B98C}.Debug|x86.Build.0 = Debug|Any CPU
		{52037842-86F9-49BC-8EE6-060CBE27B98C}.Release|Any CPU.ActiveCfg = Release|Any CPU
		{52037842-86F9-49BC-8EE6-060CBE27B98C}.Release|Any CPU.Build.0 = Release|Any CPU
		{52037842-86F9-49BC-8EE6-060CBE27B98C}.Release|x64.ActiveCfg = Release|Any CPU
		{52037842-86F9-49BC-8EE6-060CBE27B98C}.Release|x64.Build.0 = Release|Any CPU
		{52037842-86F9-49BC-8EE6-060CBE27B98C}.Release|x86.ActiveCfg = Release|Any CPU
		{52037842-86F9-49BC-8EE6-060CBE27B98C}.Release|x86.Build.0 = Release|Any CPU
		{DF011491-8D7D-49A8-9A1D-FF5CF666C015}.Debug|Any CPU.ActiveCfg = Debug|Any CPU
		{DF011491-8D7D-49A8-9A1D-FF5CF666C015}.Debug|Any CPU.Build.0 = Debug|Any CPU
		{DF011491-8D7D-49A8-9A1D-FF5CF666C015}.Debug|x64.ActiveCfg = Debug|Any CPU
		{DF011491-8D7D-49A8-9A1D-FF5CF666C015}.Debug|x64.Build.0 = Debug|Any CPU
		{DF011491-8D7D-49A8-9A1D-FF5CF666C015}.Debug|x86.ActiveCfg = Debug|Any CPU
		{DF011491-8D7D-49A8-9A1D-FF5CF666C015}.Debug|x86.Build.0 = Debug|Any CPU
		{DF011491-8D7D-49A8-9A1D-FF5CF666C015}.Release|Any CPU.ActiveCfg = Release|Any CPU
		{DF011491-8D7D-49A8-9A1D-FF5CF666C015}.Release|Any CPU.Build.0 = Release|Any CPU
		{DF011491-8D7D-49A8-9A1D-FF5CF666C015}.Release|x64.ActiveCfg = Release|Any CPU
		{DF011491-8D7D-49A8-9A1D-FF5CF666C015}.Release|x64.Build.0 = Release|Any CPU
		{DF011491-8D7D-49A8-9A1D-FF5CF666C015}.Release|x86.ActiveCfg = Release|Any CPU
		{DF011491-8D7D-49A8-9A1D-FF5CF666C015}.Release|x86.Build.0 = Release|Any CPU
		{46ADC39A-2A91-49D6-8117-DF8BAFA33B0F}.Debug|Any CPU.ActiveCfg = Debug|Any CPU
		{46ADC39A-2A91-49D6-8117-DF8BAFA33B0F}.Debug|Any CPU.Build.0 = Debug|Any CPU
		{46ADC39A-2A91-49D6-8117-DF8BAFA33B0F}.Debug|x64.ActiveCfg = Debug|Any CPU
		{46ADC39A-2A91-49D6-8117-DF8BAFA33B0F}.Debug|x64.Build.0 = Debug|Any CPU
		{46ADC39A-2A91-49D6-8117-DF8BAFA33B0F}.Debug|x86.ActiveCfg = Debug|Any CPU
		{46ADC39A-2A91-49D6-8117-DF8BAFA33B0F}.Debug|x86.Build.0 = Debug|Any CPU
		{46ADC39A-2A91-49D6-8117-DF8BAFA33B0F}.Release|Any CPU.ActiveCfg = Release|Any CPU
		{46ADC39A-2A91-49D6-8117-DF8BAFA33B0F}.Release|Any CPU.Build.0 = Release|Any CPU
		{46ADC39A-2A91-49D6-8117-DF8BAFA33B0F}.Release|x64.ActiveCfg = Release|Any CPU
		{46ADC39A-2A91-49D6-8117-DF8BAFA33B0F}.Release|x64.Build.0 = Release|Any CPU
		{46ADC39A-2A91-49D6-8117-DF8BAFA33B0F}.Release|x86.ActiveCfg = Release|Any CPU
		{46ADC39A-2A91-49D6-8117-DF8BAFA33B0F}.Release|x86.Build.0 = Release|Any CPU
		{CC2B9E5E-A42B-4B8B-9499-36BE628B9304}.Debug|Any CPU.ActiveCfg = Debug|Any CPU
		{CC2B9E5E-A42B-4B8B-9499-36BE628B9304}.Debug|Any CPU.Build.0 = Debug|Any CPU
		{CC2B9E5E-A42B-4B8B-9499-36BE628B9304}.Debug|x64.ActiveCfg = Debug|Any CPU
		{CC2B9E5E-A42B-4B8B-9499-36BE628B9304}.Debug|x64.Build.0 = Debug|Any CPU
		{CC2B9E5E-A42B-4B8B-9499-36BE628B9304}.Debug|x86.ActiveCfg = Debug|Any CPU
		{CC2B9E5E-A42B-4B8B-9499-36BE628B9304}.Debug|x86.Build.0 = Debug|Any CPU
		{CC2B9E5E-A42B-4B8B-9499-36BE628B9304}.Release|Any CPU.ActiveCfg = Release|Any CPU
		{CC2B9E5E-A42B-4B8B-9499-36BE628B9304}.Release|Any CPU.Build.0 = Release|Any CPU
		{CC2B9E5E-A42B-4B8B-9499-36BE628B9304}.Release|x64.ActiveCfg = Release|Any CPU
		{CC2B9E5E-A42B-4B8B-9499-36BE628B9304}.Release|x64.Build.0 = Release|Any CPU
		{CC2B9E5E-A42B-4B8B-9499-36BE628B9304}.Release|x86.ActiveCfg = Release|Any CPU
		{CC2B9E5E-A42B-4B8B-9499-36BE628B9304}.Release|x86.Build.0 = Release|Any CPU
		{97F92621-6D38-45FE-842B-3FB7AAD8EA99}.Debug|Any CPU.ActiveCfg = Debug|Any CPU
		{97F92621-6D38-45FE-842B-3FB7AAD8EA99}.Debug|Any CPU.Build.0 = Debug|Any CPU
		{97F92621-6D38-45FE-842B-3FB7AAD8EA99}.Debug|x64.ActiveCfg = Debug|Any CPU
		{97F92621-6D38-45FE-842B-3FB7AAD8EA99}.Debug|x64.Build.0 = Debug|Any CPU
		{97F92621-6D38-45FE-842B-3FB7AAD8EA99}.Debug|x86.ActiveCfg = Debug|Any CPU
		{97F92621-6D38-45FE-842B-3FB7AAD8EA99}.Debug|x86.Build.0 = Debug|Any CPU
		{97F92621-6D38-45FE-842B-3FB7AAD8EA99}.Release|Any CPU.ActiveCfg = Release|Any CPU
		{97F92621-6D38-45FE-842B-3FB7AAD8EA99}.Release|Any CPU.Build.0 = Release|Any CPU
		{97F92621-6D38-45FE-842B-3FB7AAD8EA99}.Release|x64.ActiveCfg = Release|Any CPU
		{97F92621-6D38-45FE-842B-3FB7AAD8EA99}.Release|x64.Build.0 = Release|Any CPU
		{97F92621-6D38-45FE-842B-3FB7AAD8EA99}.Release|x86.ActiveCfg = Release|Any CPU
		{97F92621-6D38-45FE-842B-3FB7AAD8EA99}.Release|x86.Build.0 = Release|Any CPU
	EndGlobalSection
	GlobalSection(SolutionProperties) = preSolution
		HideSolutionNode = FALSE
	EndGlobalSection
	GlobalSection(ExtensibilityGlobals) = postSolution
		SolutionGuid = {5DB9EA4E-9CE8-4466-9DE8-3ED970EF0299}
	EndGlobalSection
EndGlobal
